
Microsoft Visual Studio Solution File, Format Version 12.00
# Visual Studio Version 17
VisualStudioVersion = 17.5.002.0
MinimumVisualStudioVersion = 10.0.40219.1
Project("{9A19103F-16F7-4668-BE54-9A1E7A4F7556}") = "1dec", "1dec\1dec.csproj", "{F583F91E-B7A5-4E48-8B10-7CC4B8C755BB}"
EndProject
Global
	GlobalSection(SolutionConfigurationPlatforms) = preSolution
		Debug|Any CPU = Debug|Any CPU
		Release|Any CPU = Release|Any CPU
	EndGlobalSection
	GlobalSection(ProjectConfigurationPlatforms) = postSolution
		{F583F91E-B7A5-4E48-8B10-7CC4B8C755BB}.Debug|Any CPU.ActiveCfg = Debug|Any CPU
		{F583F91E-B7A5-4E48-8B10-7CC4B8C755BB}.Debug|Any CPU.Build.0 = Debug|Any CPU
		{F583F91E-B7A5-4E48-8B10-7CC4B8C755BB}.Release|Any CPU.ActiveCfg = Release|Any CPU
		{F583F91E-B7A5-4E48-8B10-7CC4B8C755BB}.Release|Any CPU.Build.0 = Release|Any CPU
	EndGlobalSection
	GlobalSection(SolutionProperties) = preSolution
		HideSolutionNode = FALSE
	EndGlobalSection
	GlobalSection(ExtensibilityGlobals) = postSolution
		SolutionGuid = {26A57D9D-FEFD-4FD9-ABC2-22D0ABEEA09B}
	EndGlobalSection
EndGlobal
